{
 "bible_version": "1.3",
 "kit_enums": "x-kit placeholders",
 "schemas": {
  "Accessory": "b50170caa619eb5fe2fb085cbf3dece0fc02cd9e9bac791988170151731eb338",
  "Anchor": "86957f1164d054064d69d8dd97ad66416f1729a1b0499c27fb5deba6db70d690",
  "AssetCheck": "f773b9dc3b1053ced55316690daafec829db37f5c072f154f0d3927112773f58",
  "Body": "87953c6b0f4c85032bc8a6da0ba687b51bc901656c9b2b2b9c63b8c325d10d06",
  "Bottom": "1672e737ace027f27daf89a6aa702d95d2a25bd99bd46eb4834ef865391cb434",
  "BriefConstraint": "b97eb670fd349228956dbf8e3652b7a4d0f8292079eee2421a9c8277f81cdd72",
  "ChangeOp": "2f728913958739a54816f49e108ea065899fb32e57dfbf0bc620c81179034236",
  "ChangePlan": "27535e971db1be81c8dd1e1d48ecc84732e44ffc888312b791408c84371ec5ed",
  "Character": "5c4f581b17cdfcf7633a89e775db68089485c4805f1bf1fccdc91308d1f7a6c6",
  "CharacterDNA": "1d430c16bedc92a966084749e261dbe0dc04e69411efecb46e1d5e3c9e039a1d",
  "Colour": "03f76061d657ff8d48099e4ea5cbe2887d1e92c63cf0274884f51b235ff3c643",
  "Contrast": "55bc96eaa80b7be54551ddead227f469301f16ff15c3dc9cf690f71c65a4b47d",
  "CritCompare": "f320c19d8fe6ead3a48f962534ba9e707f1772fce47a0ff7d464ef497d595a16",
  "Critique": "e6a81f9f69bdfaf57a7a8088aac5919afdc92faa3565d0febdce89b9a7eab86c",
  "DuoCompare": "05036076c4c86dc59a6df065ff36826ca29ad5ff8fe0497cbd5b2a07b722e2cf",
  "DuoJudgment": "3d4b9fdc920f890aa2cf8dc02d2d9030c0fc1f3c29944e3a107687cfedd8a6ea",
  "DuoLevel": "dfb686e283e40ff6af295a8bac8389f2c4044c462215753d7865e62abb8bbde2",
  "DuoReview": "ac6fac63f0c1a52d559dd636c6df4c21b4bee28a9fa39deae62532f1c3cca94b",
  "DuoSpec": "f62b3bc3cfcfa588839cc728220f186410e04f213c6e90d2fb9e13c2b6ed9461",
  "ElementList": "bf54e75083b56d4e4226269f71d46fa7bd4a1324fae3e400c2fc2d647274a856",
  "Face": "ca47e2d752d44c73a03bca79ea141c600efbb604a114605467f1c38caa506db9",
  "Fix": "7466b1eb1349105e6f41cfcb923583666e0ef4f63086e21273a46e981724e235",
  "Flag": "415c99fb9e1bca847f3353e3c5cd2aa40793100115c4edd44cfe2599368a3f71",
  "Hair": "21a54bb7076e5fc5b564b941da75445d8101b7b4450a21f91c7d57133c8f39f5",
  "HairAdjust": "9bcb32f82a3fd1b7b5fc4e1c592674f634da4bb7e5afc0cd3dfd752bf160094d",
  "HairMatch": "9a743685ff48f3b4f2299b5f7e84ed257e79f733ff495c2ce0981bcf30570ff0",
  "ImageFix": "aa83a6fe0b921067b3343d740cb22d595a3614d1494024d1e19ffc1c1c901162",
  "InventoryItem": "657a3357412920d3da61abfed18babd70bbf827ceb76d5a9dd0341a9afab9316",
  "IpCheck": "87a219d2c7ff09eeee18092e7ba794ca98da7d8cc0ea24fdc5042833b4339ac2",
  "IpItem": "bacb4eaec239b7dde99c9ef8db2149026caa2afb79af6c3552a8627b07f9393b",
  "Makeup": "98e4537bf60a97b5b3dc13603f5ea0ed84240263c18c29700276696b63f26793",
  "PairJudgment": "d8e41fac8c68528998c16403658fd98726ea942a5b1a84b673c99a077cf5766b",
  "PlanSet": "6015d3181a702a40a925dd30b882625c4e024be9173506376e6dc0bb71ea437c",
  "Print": "ce8cb510e60680a256173c3de99773b9dd2b9110f2d92875a1393802c7666a42",
  "Redo": "325b9899651db1f534c8dc3973bf13f7152842b6f83bd6ac25997327a65ca712",
  "ReferenceAnalysis": "f1ddd4bea7c6ce838e603aa784d4b9f1d2bd9c1117220107a5ba56d79e6a4b4f",
  "RepairOp": "25fd73388b6fbbaa8e9ead8b2df3299ab3969111058691ae3b8e45df53e3cd46",
  "RepairPlan": "c69fea43bf5130416059881443852413a3c0c7ec5634ce3504d97170589fd0ab",
  "Revision": "45fe34b99d1f14d30f13ecad254ef8b3e307ecdbc8cb21015c682e56253944b4",
  "RevisionOp": "72b7338b9de26e2ac8ef8de211418e7dbb97550b0ba81d113818286b03592566",
  "Score": "8d3042d9577159c36637630b90fcc12aaf873eff67aec817bf4a311da6f59544",
  "Shoes": "5ab9caf52301c83a4c7d78063b50f4dfc7d59c39c289f9ce6d9dfddd62e747c6",
  "SimAspect": "17f7f612fc3a3616c7b94a71e86d678a5fc5316f182c442bca0e3ed6ba5a6c04",
  "SimCheck": "6c624c2a8ed7399b3aea91dd0d2ddca54274d14cf7b63d6942ec369a447babdb",
  "StructureRule": "0221282af2d4d9381e7fc4324aa48385cd83b1d051135ef27ae1bf73894ad506",
  "TasteProfile": "01a6e1670d8e8e88759292eee35fde5cba46702986723ca8e3840d6cd86b841e",
  "TasteRule": "6237d3444463d8ca119094f0fbc5a3ec95aa5c65e6147344cc704411769d4fd4",
  "Top": "288a803a5851d3ee5a908c8ddb04a37bb02158a8eb1cd9243f11b442151f1307",
  "Verdict": "258c4669c869a468d23713cf42581d30a8750aebb606fd2f52f0ca859f05c86e",
  "WorldDNA": "682cbc62b6e625caa6beec44cf07a2d37d627620aed476f0b71ef2b022ae4620"
 }
}
